
Microsoft Visual Studio Solution File, Format Version 12.00
# Visual Studio Version 16
VisualStudioVersion = 16.0.29920.165
MinimumVisualStudioVersion = 10.0.40219.1
Project("{FAE04EC0-301F-11D3-BF4B-00C04F79EFBC}") = "2_PresentationLayer", "PresentationLayer\2_PresentationLayer.csproj", "{2392ED90-9CC6-4CFA-9344-1CD3105B65A2}"
EndProject
Project("{FAE04EC0-301F-11D3-BF4B-00C04F79EFBC}") = "1_BusinessLogicLayer", "BusinessLogicLayer\1_BusinessLogicLayer.csproj", "{62756A06-0945-422D-9050-D5F790FFB87A}"
EndProject
Project("{FAE04EC0-301F-11D3-BF4B-00C04F79EFBC}") = "0_DataAccessLayer", "DataAccessLayer\0_DataAccessLayer.csproj", "{85A70405-D4F5-4154-B6BF-7E9BDF0E6BD3}"
EndProject
Global
	GlobalSection(SolutionConfigurationPlatforms) = preSolution
		Debug|Any CPU = Debug|Any CPU
		Release|Any CPU = Release|Any CPU
	EndGlobalSection
	GlobalSection(ProjectConfigurationPlatforms) = postSolution
		{2392ED90-9CC6-4CFA-9344-1CD3105B65A2}.Debug|Any CPU.ActiveCfg = Debug|Any CPU
		{2392ED90-9CC6-4CFA-9344-1CD3105B65A2}.Debug|Any CPU.Build.0 = Debug|Any CPU
		{2392ED90-9CC6-4CFA-9344-1CD3105B65A2}.Release|Any CPU.ActiveCfg = Release|Any CPU
		{2392ED90-9CC6-4CFA-9344-1CD3105B65A2}.Release|Any CPU.Build.0 = Release|Any CPU
		{62756A06-0945-422D-9050-D5F790FFB87A}.Debug|Any CPU.ActiveCfg = Debug|Any CPU
		{62756A06-0945-422D-9050-D5F790FFB87A}.Debug|Any CPU.Build.0 = Debug|Any CPU
		{62756A06-0945-422D-9050-D5F790FFB87A}.Release|Any CPU.ActiveCfg = Release|Any CPU
		{62756A06-0945-422D-9050-D5F790FFB87A}.Release|Any CPU.Build.0 = Release|Any CPU
		{85A70405-D4F5-4154-B6BF-7E9BDF0E6BD3}.Debug|Any CPU.ActiveCfg = Debug|Any CPU
		{85A70405-D4F5-4154-B6BF-7E9BDF0E6BD3}.Debug|Any CPU.Build.0 = Debug|Any CPU
		{85A70405-D4F5-4154-B6BF-7E9BDF0E6BD3}.Release|Any CPU.ActiveCfg = Release|Any CPU
		{85A70405-D4F5-4154-B6BF-7E9BDF0E6BD3}.Release|Any CPU.Build.0 = Release|Any CPU
	EndGlobalSection
	GlobalSection(SolutionProperties) = preSolution
		HideSolutionNode = FALSE
	EndGlobalSection
	GlobalSection(ExtensibilityGlobals) = postSolution
		SolutionGuid = {8EB1123A-C748-45E2-9C85-D3A020474BBE}
	EndGlobalSection
EndGlobal
